{
  "name": "@matthewlam.js/json-tf-idf",
  "version": "1.0.2",
  "lockfileVersion": 1,
  "requires": true,
  "dependencies": {
    "stopword": {
      "version": "1.0.3",
      "resolved": "https://registry.npmjs.org/stopword/-/stopword-1.0.3.tgz",
      "integrity": "sha512-rkoAluafz+D0GmzGekXBnHmdZ5VeiqeloLBfoclrshdmuQpf5XgvIr+lJPftg3mH54Cc0LHHZIaJvA5Cj0E5jA=="
    }
  }
}
